
Microsoft Visual Studio Solution File, Format Version 12.00
# Visual Studio Version 17
VisualStudioVersion = 17.6.33801.468
MinimumVisualStudioVersion = 10.0.40219.1
Project("{9A19103F-16F7-4668-BE54-9A1E7A4F7556}") = "AmazIT_API", "AmazIT_API.csproj", "{8CF62F60-36CC-4715-8CBB-BF577F57895C}"
EndProject
Global
	GlobalSection(SolutionConfigurationPlatforms) = preSolution
		Debug|Any CPU = Debug|Any CPU
		Release|Any CPU = Release|Any CPU
	EndGlobalSection
	GlobalSection(ProjectConfigurationPlatforms) = postSolution
		{8CF62F60-36CC-4715-8CBB-BF577F57895C}.Debug|Any CPU.ActiveCfg = Debug|Any CPU
		{8CF62F60-36CC-4715-8CBB-BF577F57895C}.Debug|Any CPU.Build.0 = Debug|Any CPU
		{8CF62F60-36CC-4715-8CBB-BF577F57895C}.Release|Any CPU.ActiveCfg = Release|Any CPU
		{8CF62F60-36CC-4715-8CBB-BF577F57895C}.Release|Any CPU.Build.0 = Release|Any CPU
	EndGlobalSection
	GlobalSection(SolutionProperties) = preSolution
		HideSolutionNode = FALSE
	EndGlobalSection
	GlobalSection(ExtensibilityGlobals) = postSolution
		SolutionGuid = {23C81EA1-7808-4DFF-87B6-AC91E9833DA4}
	EndGlobalSection
EndGlobal
